hash: 5e3c016576a7ff39f34759c12ed854d49f545e229919bb51b43d8c8ab5446f96
updated: 2016-08-24T19:05:22.612555163+02:00
imports:
- name: github.com/bborbe/flagenv
  version: a711a961081a928e1a3bfe2a047d59a69fa6b506
- name: github.com/bborbe/http_handler
  version: 9157ff259dd5b969462691e14184e2fb71ba8512
  subpackages:
  - debug
- name: github.com/bborbe/io
  version: 56d91e8345e4418981a56bc4b8466b4096138f08
  subpackages:
  - util
  - buffered_writer
- name: github.com/bborbe/log
  version: 0250bb5b2e2bd833cb9a47333c28aa46751cdbfe
- name: github.com/facebookgo/clock
  version: 600d898af40aa09a7a93ecb9265d87b0504b6f03
- name: github.com/facebookgo/grace
  version: 053ab5d25436faedf3fe76fbf3da797c8c27c659
  subpackages:
  - gracehttp
  - gracenet
- name: github.com/facebookgo/httpdown
  version: a3b1354551a26449fbe05f5d855937f6e7acbd71
- name: github.com/facebookgo/stats
  version: 1b76add642e42c6ffba7211ad7b3939ce654526e
- name: github.com/gorilla/context
  version: 08b5f424b9271eedf6f9f0ce86cb9396ed337a42
- name: github.com/gorilla/mux
  version: 674ef1c28022f33fa7200f59db45e604557f0380
testImports:
- name: github.com/bborbe/assert
  version: cd6d0ec67c40ced8ca6cf72773b9e4b44420fbd2
