hash: fad8ef2ba9e381dff8a637b8fed1f40af2a099143643210430a99ca9ce3ea038
updated: 2016-08-29T00:12:27.298733976+02:00
imports:
- name: github.com/bborbe/flagenv
  version: ddf8de6851137e93b8384e2c3a30995ac830f56a
- name: github.com/bborbe/http_handler
  version: 15d45afac61e92038e5c8425d4d4586f34e3c445
  subpackages:
  - debug
- name: github.com/bborbe/io
  version: 5891c542e99ec05e63ac475bc8a2202b2fca02aa
  subpackages:
  - util
- name: github.com/facebookgo/clock
  version: 600d898af40aa09a7a93ecb9265d87b0504b6f03
- name: github.com/facebookgo/grace
  version: 053ab5d25436faedf3fe76fbf3da797c8c27c659
  subpackages:
  - gracehttp
  - gracenet
- name: github.com/facebookgo/httpdown
  version: a3b1354551a26449fbe05f5d855937f6e7acbd71
- name: github.com/facebookgo/stats
  version: 1b76add642e42c6ffba7211ad7b3939ce654526e
- name: github.com/golang/glog
  version: 23def4e6c14b4da8ac2ed8007337bc5eb5007998
- name: github.com/gorilla/context
  version: 08b5f424b9271eedf6f9f0ce86cb9396ed337a42
- name: github.com/gorilla/mux
  version: 0b13a922203ebdbfd236c818efcd5ed46097d690
testImports:
- name: github.com/bborbe/assert
  version: 639eac9a24e3c01472758f3c79452b8517bc29f6
