hash: 5e3c016576a7ff39f34759c12ed854d49f545e229919bb51b43d8c8ab5446f96
updated: 2016-08-25T20:08:33.607200738+02:00
imports:
- name: github.com/bborbe/flagenv
  version: 0977949b20c82a7cad254644637f29c72205d61d
- name: github.com/bborbe/http_handler
  version: 88aeecad6b6b07bc2ec369c4e147b7081310c726
  subpackages:
  - debug
- name: github.com/bborbe/io
  version: a92503d8d6377ff0e8b24ad2007cc83546a50817
  subpackages:
  - util
  - buffered_writer
- name: github.com/bborbe/log
  version: 0250bb5b2e2bd833cb9a47333c28aa46751cdbfe
- name: github.com/facebookgo/clock
  version: 600d898af40aa09a7a93ecb9265d87b0504b6f03
- name: github.com/facebookgo/grace
  version: 053ab5d25436faedf3fe76fbf3da797c8c27c659
  subpackages:
  - gracehttp
  - gracenet
- name: github.com/facebookgo/httpdown
  version: a3b1354551a26449fbe05f5d855937f6e7acbd71
- name: github.com/facebookgo/stats
  version: 1b76add642e42c6ffba7211ad7b3939ce654526e
- name: github.com/gorilla/context
  version: 08b5f424b9271eedf6f9f0ce86cb9396ed337a42
- name: github.com/gorilla/mux
  version: 34bf6dc9faa08144e925df4fa1838551b16d6c2a
testImports:
- name: github.com/bborbe/assert
  version: f767bd2fffab5a86d5a887e2415d399e8aade8bf
